
Microsoft Visual Studio Solution File, Format Version 12.00
# Visual Studio Version 17
VisualStudioVersion = 17.7.34221.43
MinimumVisualStudioVersion = 10.0.40219.1
Project("{FAE04EC0-301F-11D3-BF4B-00C04F79EFBC}") = "exz", "exz\exz.csproj", "{16DC6255-1E3F-41BD-BB68-1A0699C906E6}"
EndProject
Global
	GlobalSection(SolutionConfigurationPlatforms) = preSolution
		Debug|Any CPU = Debug|Any CPU
		Release|Any CPU = Release|Any CPU
	EndGlobalSection
	GlobalSection(ProjectConfigurationPlatforms) = postSolution
		{16DC6255-1E3F-41BD-BB68-1A0699C906E6}.Debug|Any CPU.ActiveCfg = Debug|Any CPU
		{16DC6255-1E3F-41BD-BB68-1A0699C906E6}.Debug|Any CPU.Build.0 = Debug|Any CPU
		{16DC6255-1E3F-41BD-BB68-1A0699C906E6}.Release|Any CPU.ActiveCfg = Release|Any CPU
		{16DC6255-1E3F-41BD-BB68-1A0699C906E6}.Release|Any CPU.Build.0 = Release|Any CPU
	EndGlobalSection
	GlobalSection(SolutionProperties) = preSolution
		HideSolutionNode = FALSE
	EndGlobalSection
	GlobalSection(ExtensibilityGlobals) = postSolution
		SolutionGuid = {8148E0C6-DD0E-446B-9F6A-0973D735C5DF}
	EndGlobalSection
EndGlobal
